
Microsoft Visual Studio Solution File, Format Version 12.00
# Visual Studio 15
VisualStudioVersion = 15.0.27130.2036
MinimumVisualStudioVersion = 10.0.40219.1
Project("{FAE04EC0-301F-11D3-BF4B-00C04F79EFBC}") = "TestApp", "TestApp\TestApp.csproj", "{F6BDF25A-AD3A-4E19-A488-60AD3AB1BAAC}"
EndProject
Global
	GlobalSection(SolutionConfigurationPlatforms) = preSolution
		Debug|Any CPU = Debug|Any CPU
		Release|Any CPU = Release|Any CPU
	EndGlobalSection
	GlobalSection(ProjectConfigurationPlatforms) = postSolution
		{F6BDF25A-AD3A-4E19-A488-60AD3AB1BAAC}.Debug|Any CPU.ActiveCfg = Debug|Any CPU
		{F6BDF25A-AD3A-4E19-A488-60AD3AB1BAAC}.Debug|Any CPU.Build.0 = Debug|Any CPU
		{F6BDF25A-AD3A-4E19-A488-60AD3AB1BAAC}.Release|Any CPU.ActiveCfg = Release|Any CPU
		{F6BDF25A-AD3A-4E19-A488-60AD3AB1BAAC}.Release|Any CPU.Build.0 = Release|Any CPU
	EndGlobalSection
	GlobalSection(SolutionProperties) = preSolution
		HideSolutionNode = FALSE
	EndGlobalSection
	GlobalSection(ExtensibilityGlobals) = postSolution
		SolutionGuid = {DF6A287D-820B-4B6D-BFFF-298524868C2D}
	EndGlobalSection
EndGlobal
